{
  "name": "ts-config-monorepo",
  "version": "0.0.0",
  "lockfileVersion": 3,
  "requires": true,
  "packages": {
    "": {
      "name": "ts-config-monorepo",
      "version": "0.0.0",
      "workspaces": [
        "src",
        "test/*"
      ],
      "devDependencies": {
        "typescript": ">=6.0.0"
      }
    },
    "node_modules/@soul_master/ts-config": {
      "resolved": "src",
      "link": true
    },
    "node_modules/@soul_master/ts-config-test-node": {
      "resolved": "test/node",
      "link": true
    },
    "node_modules/@soul_master/ts-config-test-node-lib": {
      "resolved": "test/node-lib",
      "link": true
    },
    "node_modules/@soul_master/ts-config-test-node20": {
      "resolved": "test/node20",
      "link": true
    },
    "node_modules/@soul_master/ts-config-test-web": {
      "resolved": "test/web",
      "link": true
    },
    "node_modules/@soul_master/ts-config-test-web-lib": {
      "resolved": "test/web-lib",
      "link": true
    },
    "node_modules/@types/node": {
      "version": "24.13.0",
      "resolved": "https://registry.npmjs.org/@types/node/-/node-24.13.0.tgz",
      "integrity": "sha512-5vtOqGQr4NJKeEzV441FcOi2MeG9UTWq9LqVLGneDdu4vlX17H8kQ2PA2UmNwCUGPVDj4oBjNhS7ReVEIWJJrg==",
      "license": "MIT",
      "dependencies": {
        "undici-types": "~7.18.0"
      }
    },
    "node_modules/typescript": {
      "version": "6.0.3",
      "resolved": "https://registry.npmjs.org/typescript/-/typescript-6.0.3.tgz",
      "integrity": "sha512-y2TvuxSZPDyQakkFRPZHKFm+KKVqIisdg9/CZwm9ftvKXLP8NRWj38/ODjNbr43SsoXqNuAisEf1GdCxqWcdBw==",
      "license": "Apache-2.0",
      "bin": {
        "tsc": "bin/tsc",
        "tsserver": "bin/tsserver"
      },
      "engines": {
        "node": ">=14.17"
      }
    },
    "node_modules/undici-types": {
      "version": "7.18.2",
      "resolved": "https://registry.npmjs.org/undici-types/-/undici-types-7.18.2.tgz",
      "integrity": "sha512-AsuCzffGHJybSaRrmr5eHr81mwJU3kjw6M+uprWvCXiNeN9SOGwQ3Jn8jb8m3Z6izVgknn1R0FTCEAP2QrLY/w==",
      "license": "MIT"
    },
    "src": {
      "name": "@soul_master/ts-config",
      "version": "0.1.0",
      "license": "MIT",
      "dependencies": {
        "@types/node": "~24.13.0"
      },
      "peerDependencies": {
        "typescript": ">=6.0.0"
      }
    },
    "test/node": {
      "name": "@soul_master/ts-config-test-node"
    },
    "test/node-lib": {
      "name": "@soul_master/ts-config-test-node-lib"
    },
    "test/node20": {
      "name": "@soul_master/ts-config-test-node20"
    },
    "test/web": {
      "name": "@soul_master/ts-config-test-web"
    },
    "test/web-lib": {
      "name": "@soul_master/ts-config-test-web-lib"
    }
  }
}
